
Microsoft Visual Studio Solution File, Format Version 12.00
# Visual Studio Version 16
VisualStudioVersion = 16.0.29020.237
MinimumVisualStudioVersion = 10.0.40219.1
Project("{FAE04EC0-301F-11D3-BF4B-00C04F79EFBC}") = "PostImage", "PostImage\PostImage.csproj", "{9486135A-3D31-4CCD-AD71-3D03481C7119}"
EndProject
Global
	GlobalSection(SolutionConfigurationPlatforms) = preSolution
		Debug|Any CPU = Debug|Any CPU
		Release|Any CPU = Release|Any CPU
	EndGlobalSection
	GlobalSection(ProjectConfigurationPlatforms) = postSolution
		{9486135A-3D31-4CCD-AD71-3D03481C7119}.Debug|Any CPU.ActiveCfg = Debug|Any CPU
		{9486135A-3D31-4CCD-AD71-3D03481C7119}.Debug|Any CPU.Build.0 = Debug|Any CPU
		{9486135A-3D31-4CCD-AD71-3D03481C7119}.Release|Any CPU.ActiveCfg = Release|Any CPU
		{9486135A-3D31-4CCD-AD71-3D03481C7119}.Release|Any CPU.Build.0 = Release|Any CPU
	EndGlobalSection
	GlobalSection(SolutionProperties) = preSolution
		HideSolutionNode = FALSE
	EndGlobalSection
	GlobalSection(ExtensibilityGlobals) = postSolution
		SolutionGuid = {65308727-5121-47C7-905E-6328554F48E5}
	EndGlobalSection
EndGlobal
